PODS:
  - Adyen/Card (3.9.1):
    - Adyen/Core
    - Adyen3DS2 (= 2.2.4)
  - Adyen/Core (3.9.1)
  - Adyen/DropIn (3.9.1):
    - Adyen/Card
    - Adyen/Core
  - Adyen3DS2 (2.2.4)
  - adyen_dropin (0.7.0):
    - Adyen/Card (= 3.9.1)
    - Adyen/Core (= 3.9.1)
    - Adyen/DropIn (= 3.9.1)
    - Flutter
  - Flutter (1.0.0)

DEPENDENCIES:
  - adyen_dropin (from `.symlinks/plugins/adyen_dropin/ios`)
  - Flutter (from `Flutter`)

SPEC REPOS:
  trunk:
    - Adyen
    - Adyen3DS2

EXTERNAL SOURCES:
  adyen_dropin:
    :path: ".symlinks/plugins/adyen_dropin/ios"
  Flutter:
    :path: Flutter

SPEC CHECKSUMS:
  Adyen: cad9f5fca7a952e908f0f03bff6b144b289d4ca2
  Adyen3DS2: ab81415419e1269b95ec01502d18912985806351
  adyen_dropin: d0185b1973716aea0fe8cf9a848dac9ca593f4cb
  Flutter: 50d75fe2f02b26cc09d224853bb45737f8b3214a

PODFILE CHECKSUM: 4e8f8b2be68aeea4c0d5beb6ff1e79fface1d048

COCOAPODS: 1.11.2
